// !$*UTF8*$!
{
	archiveVersion = 1;
	classes = {
	};
	objectVersion = 77;
	objects = {

/* Begin PBXBuildFile section */
		676E07C52FCFD47C0030FD16 /* GoogleSignIn in Frameworks */ = {isa = PBXBuildFile; productRef = 676E07C42FCFD47C0030FD16 /* GoogleSignIn */; };
		676E07C72FCFD47C0030FD16 /* GoogleSignInSwift in Frameworks */ = {isa = PBXBuildFile; productRef = 676E07C62FCFD47C0030FD16 /* GoogleSignInSwift */; };
		67E4FA6D2F9DDBC300A7DF95 /* FirebaseAnalytics in Frameworks */ = {isa = PBXBuildFile; productRef = 67E4FA6C2F9DDBC300A7DF95 /* FirebaseAnalytics */; };
		67E4FA6F2F9DDBC300A7DF95 /* FirebaseDatabase in Frameworks */ = {isa = PBXBuildFile; productRef = 67E4FA6E2F9DDBC300A7DF95 /* FirebaseDatabase */; };
		67E4FA712F9DDBC300A7DF95 /* FirebaseAuth in Frameworks */ = {isa = PBXBuildFile; productRef = 67E4FA702F9DDBC300A7DF95 /* FirebaseAuth */; };
		67E4FA722F9DDBC300A7DF95 /* FirebaseCore in Frameworks */ = {isa = PBXBuildFile; productRef = 67E4FA732F9DDBC300A7DF95 /* FirebaseCore */; };
		67E4FA752FCFD9000030FD16 /* FirebaseStorage in Frameworks */ = {isa = PBXBuildFile; productRef = 67E4FA742FCFD9000030FD16 /* FirebaseStorage */; };
		BC01A100000000000000000A /* beer_cheersWatchApp.app in Embed Watch Content */ = {isa = PBXBuildFile; fileRef = BC01A1000000000000000001 /* beer_cheersWatchApp.app */; settings = {ATTRIBUTES = (RemoveHeadersOnCopy, ); }; };
/* End PBXBuildFile section */

/* Begin PBXCopyFilesBuildPhase section */
		BC01A1000000000000000007 /* Embed Watch Content */ = {
			isa = PBXCopyFilesBuildPhase;
			buildActionMask = 2147483647;
			dstPath = "$(CONTENTS_FOLDER_PATH)/Watch";
			dstSubfolderSpec = 16;
			files = (
				BC01A100000000000000000A /* beer_cheersWatchApp.app in Embed Watch Content */,
			);
			name = "Embed Watch Content";
			runOnlyForDeploymentPostprocessing = 0;
		};
/* End PBXCopyFilesBuildPhase section */

/* Begin PBXFileReference section */
		67927ABA2F9DCDEC0046FC0F /* beer_cheers.app */ = {isa = PBXFileReference; explicitFileType = wrapper.application; includeInIndex = 0; path = beer_cheers.app; sourceTree = BUILT_PRODUCTS_DIR; };
		BC01A1000000000000000001 /* beer_cheersWatchApp.app */ = {isa = PBXFileReference; explicitFileType = wrapper.application; includeInIndex = 0; path = beer_cheersWatchApp.app; sourceTree = BUILT_PRODUCTS_DIR; };
		BC01A1000000000000000011 /* CoreMotion.framework */ = {isa = PBXFileReference; lastKnownFileType = wrapper.framework; name = CoreMotion.framework; path = System/Library/Frameworks/CoreMotion.framework; sourceTree = SDKROOT; };
/* End PBXFileReference section */

/* Begin PBXFileSystemSynchronizedBuildFileExceptionSet section */
		BC01A1000000000000000020 /* Exceptions for "beer_cheers Watch App" folder in "beer_cheers Watch App" target */ = {
			isa = PBXFileSystemSynchronizedBuildFileExceptionSet;
			membershipExceptions = (
				Info.plist,
			);
			target = BC01A1000000000000000003 /* beer_cheers Watch App */;
		};
/* End PBXFileSystemSynchronizedBuildFileExceptionSet section */

/* Begin PBXFileSystemSynchronizedRootGroup section */
		67927ABC2F9DCDEC0046FC0F /* beer_cheers */ = {
			isa = PBXFileSystemSynchronizedRootGroup;
			path = beer_cheers;
			sourceTree = "<group>";
		};
		BC01A1000000000000000002 /* beer_cheers Watch App */ = {
			isa = PBXFileSystemSynchronizedRootGroup;
			exceptions = (
				BC01A1000000000000000020 /* Exceptions for "beer_cheers Watch App" folder in "beer_cheers Watch App" target */,
			);
			path = "beer_cheers Watch App";
			sourceTree = "<group>";
		};
/* End PBXFileSystemSynchronizedRootGroup section */

/* Begin PBXFrameworksBuildPhase section */
		67927AB72F9DCDEC0046FC0F /* Frameworks */ = {
			isa = PBXFrameworksBuildPhase;
			buildActionMask = 2147483647;
			files = (
				676E07C72FCFD47C0030FD16 /* GoogleSignInSwift in Frameworks */,
				67E4FA6F2F9DDBC300A7DF95 /* FirebaseDatabase in Frameworks */,
				676E07C52FCFD47C0030FD16 /* GoogleSignIn in Frameworks */,
				67E4FA6D2F9DDBC300A7DF95 /* FirebaseAnalytics in Frameworks */,
				67E4FA712F9DDBC300A7DF95 /* FirebaseAuth in Frameworks */,
				67E4FA722F9DDBC300A7DF95 /* FirebaseCore in Frameworks */,
				67E4FA752FCFD9000030FD16 /* FirebaseStorage in Frameworks */,
			);
			runOnlyForDeploymentPostprocessing = 0;
		};
		BC01A1000000000000000005 /* Frameworks */ = {
			isa = PBXFrameworksBuildPhase;
			buildActionMask = 2147483647;
			files = (
			);
			runOnlyForDeploymentPostprocessing = 0;
		};
/* End PBXFrameworksBuildPhase section */

/* Begin PBXGroup section */
		6712F6D83065330000FD2AD1 /* Recovered References */ = {
			isa = PBXGroup;
			children = (
				BC01A1000000000000000011 /* CoreMotion.framework */,
			);
			name = "Recovered References";
			sourceTree = "<group>";
		};
		67927AB12F9DCDEC0046FC0F = {
			isa = PBXGroup;
			children = (
				67927ABC2F9DCDEC0046FC0F /* beer_cheers */,
				BC01A1000000000000000002 /* beer_cheers Watch App */,
				67927ABB2F9DCDEC0046FC0F /* Products */,
				6712F6D83065330000FD2AD1 /* Recovered References */,
			);
			sourceTree = "<group>";
		};
		67927ABB2F9DCDEC0046FC0F /* Products */ = {
			isa = PBXGroup;
			children = (
				67927ABA2F9DCDEC0046FC0F /* beer_cheers.app */,
				BC01A1000000000000000001 /* beer_cheersWatchApp.app */,
			);
			name = Products;
			sourceTree = "<group>";
		};
/* End PBXGroup section */

/* Begin PBXNativeTarget section */
		67927AB92F9DCDEC0046FC0F /* beer_cheers */ = {
			isa = PBXNativeTarget;
			buildConfigurationList = 67927AC52F9DCDEE0046FC0F /* Build configuration list for PBXNativeTarget "beer_cheers" */;
			buildPhases = (
				67927AB62F9DCDEC0046FC0F /* Sources */,
				67927AB72F9DCDEC0046FC0F /* Frameworks */,
				67927AB82F9DCDEC0046FC0F /* Resources */,
				BC01A1000000000000000007 /* Embed Watch Content */,
			);
			buildRules = (
			);
			dependencies = (
			);
			fileSystemSynchronizedGroups = (
				67927ABC2F9DCDEC0046FC0F /* beer_cheers */,
			);
			name = beer_cheers;
			packageProductDependencies = (
				67E4FA6C2F9DDBC300A7DF95 /* FirebaseAnalytics */,
				67E4FA6E2F9DDBC300A7DF95 /* FirebaseDatabase */,
				67E4FA702F9DDBC300A7DF95 /* FirebaseAuth */,
				67E4FA732F9DDBC300A7DF95 /* FirebaseCore */,
				67E4FA742FCFD9000030FD16 /* FirebaseStorage */,
				676E07C42FCFD47C0030FD16 /* GoogleSignIn */,
				676E07C62FCFD47C0030FD16 /* GoogleSignInSwift */,
			);
			productName = beer_cheers;
			productReference = 67927ABA2F9DCDEC0046FC0F /* beer_cheers.app */;
			productType = "com.apple.product-type.application";
		};
		BC01A1000000000000000003 /* beer_cheers Watch App */ = {
			isa = PBXNativeTarget;
			buildConfigurationList = BC01A100000000000000000D /* Build configuration list for PBXNativeTarget "beer_cheers Watch App" */;
			buildPhases = (
				BC01A1000000000000000004 /* Sources */,
				BC01A1000000000000000005 /* Frameworks */,
				BC01A1000000000000000006 /* Resources */,
			);
			buildRules = (
			);
			dependencies = (
			);
			fileSystemSynchronizedGroups = (
				BC01A1000000000000000002 /* beer_cheers Watch App */,
			);
			name = "beer_cheers Watch App";
			packageProductDependencies = (
			);
			productName = beer_cheersWatchApp;
			productReference = BC01A1000000000000000001 /* beer_cheersWatchApp.app */;
			productType = "com.apple.product-type.application";
		};
/* End PBXNativeTarget section */

/* Begin PBXProject section */
		67927AB22F9DCDEC0046FC0F /* Project object */ = {
			isa = PBXProject;
			attributes = {
				BuildIndependentTargetsInParallel = 1;
				LastSwiftUpdateCheck = 2600;
				LastUpgradeCheck = 2600;
				TargetAttributes = {
					67927AB92F9DCDEC0046FC0F = {
						CreatedOnToolsVersion = 26.0.1;
					};
					BC01A1000000000000000003 = {
						CreatedOnToolsVersion = 26.0.1;
					};
				};
			};
			buildConfigurationList = 67927AB52F9DCDEC0046FC0F /* Build configuration list for PBXProject "beer_cheers" */;
			developmentRegion = en;
			hasScannedForEncodings = 0;
			knownRegions = (
				en,
				Base,
			);
			mainGroup = 67927AB12F9DCDEC0046FC0F;
			minimizedProjectReferenceProxies = 1;
			packageReferences = (
				67E4FA6B2F9DDBC300A7DF95 /* XCRemoteSwiftPackageReference "firebase-ios-sdk" */,
				676E07C32FCFD47C0030FD16 /* XCRemoteSwiftPackageReference "GoogleSignIn-iOS" */,
			);
			preferredProjectObjectVersion = 77;
			productRefGroup = 67927ABB2F9DCDEC0046FC0F /* Products */;
			projectDirPath = "";
			projectRoot = "";
			targets = (
				67927AB92F9DCDEC0046FC0F /* beer_cheers */,
				BC01A1000000000000000003 /* beer_cheers Watch App */,
			);
		};
/* End PBXProject section */

/* Begin PBXResourcesBuildPhase section */
		67927AB82F9DCDEC0046FC0F /* Resources */ = {
			isa = PBXResourcesBuildPhase;
			buildActionMask = 2147483647;
			files = (
			);
			runOnlyForDeploymentPostprocessing = 0;
		};
		BC01A1000000000000000006 /* Resources */ = {
			isa = PBXResourcesBuildPhase;
			buildActionMask = 2147483647;
			files = (
			);
			runOnlyForDeploymentPostprocessing = 0;
		};
/* End PBXResourcesBuildPhase section */

/* Begin PBXSourcesBuildPhase section */
		67927AB62F9DCDEC0046FC0F /* Sources */ = {
			isa = PBXSourcesBuildPhase;
			buildActionMask = 2147483647;
			files = (
			);
			runOnlyForDeploymentPostprocessing = 0;
		};
		BC01A1000000000000000004 /* Sources */ = {
			isa = PBXSourcesBuildPhase;
			buildActionMask = 2147483647;
			files = (
			);
			runOnlyForDeploymentPostprocessing = 0;
		};
/* End PBXSourcesBuildPhase section */

/* Begin XCBuildConfiguration section */
		67927AC32F9DCDEE0046FC0F /* Debug */ = {
			isa = XCBuildConfiguration;
			buildSettings = {
				ALWAYS_SEARCH_USER_PATHS = NO;
				ASSETCATALOG_COMPILER_GENERATE_SWIFT_ASSET_SYMBOL_EXTENSIONS = YES;
				CLANG_ANALYZER_NONNULL = YES;
				CLANG_ANALYZER_NUMBER_OBJECT_CONVERSION = YES_AGGRESSIVE;
				CLANG_CXX_LANGUAGE_STANDARD = "gnu++20";
				CLANG_ENABLE_MODULES = YES;
				CLANG_ENABLE_OBJC_ARC = YES;
				CLANG_ENABLE_OBJC_WEAK = YES;
				CLANG_WARN_BLOCK_CAPTURE_AUTORELEASING = YES;
				CLANG_WARN_BOOL_CONVERSION = YES;
				CLANG_WARN_COMMA = YES;
				CLANG_WARN_CONSTANT_CONVERSION = YES;
				CLANG_WARN_DEPRECATED_OBJC_IMPLEMENTATIONS = YES;
				CLANG_WARN_DIRECT_OBJC_ISA_USAGE = YES_ERROR;
				CLANG_WARN_DOCUMENTATION_COMMENTS = YES;
				CLANG_WARN_EMPTY_BODY = YES;
				CLANG_WARN_ENUM_CONVERSION = YES;
				CLANG_WARN_INFINITE_RECURSION = YES;
				CLANG_WARN_INT_CONVERSION = YES;
				CLANG_WARN_NON_LITERAL_NULL_CONVERSION = YES;
				CLANG_WARN_OBJC_IMPLICIT_RETAIN_SELF = YES;
				CLANG_WARN_OBJC_LITERAL_CONVERSION = YES;
				CLANG_WARN_OBJC_ROOT_CLASS = YES_ERROR;
				CLANG_WARN_QUOTED_INCLUDE_IN_FRAMEWORK_HEADER = YES;
				CLANG_WARN_RANGE_LOOP_ANALYSIS = YES;
				CLANG_WARN_STRICT_PROTOTYPES = YES;
				CLANG_WARN_SUSPICIOUS_MOVE = YES;
				CLANG_WARN_UNGUARDED_AVAILABILITY = YES_AGGRESSIVE;
				CLANG_WARN_UNREACHABLE_CODE = YES;
				CLANG_WARN__DUPLICATE_METHOD_MATCH = YES;
				COPY_PHASE_STRIP = NO;
				DEBUG_INFORMATION_FORMAT = dwarf;
				DEVELOPMENT_TEAM = K3BSAX58ZG;
				ENABLE_STRICT_OBJC_MSGSEND = YES;
				ENABLE_TESTABILITY = YES;
				ENABLE_USER_SCRIPT_SANDBOXING = YES;
				GCC_C_LANGUAGE_STANDARD = gnu17;
				GCC_DYNAMIC_NO_PIC = NO;
				GCC_NO_COMMON_BLOCKS = YES;
				GCC_OPTIMIZATION_LEVEL = 0;
				GCC_PREPROCESSOR_DEFINITIONS = (
					"DEBUG=1",
					"$(inherited)",
				);
				GCC_WARN_64_TO_32_BIT_CONVERSION = YES;
				GCC_WARN_ABOUT_RETURN_TYPE = YES_ERROR;
				GCC_WARN_UNDECLARED_SELECTOR = YES;
				GCC_WARN_UNINITIALIZED_AUTOS = YES_AGGRESSIVE;
				GCC_WARN_UNUSED_FUNCTION = YES;
				GCC_WARN_UNUSED_VARIABLE = YES;
				IPHONEOS_DEPLOYMENT_TARGET = 18.0;
				LOCALIZATION_PREFERS_STRING_CATALOGS = YES;
				MTL_ENABLE_DEBUG_INFO = INCLUDE_SOURCE;
				MTL_FAST_MATH = YES;
				ONLY_ACTIVE_ARCH = YES;
				SDKROOT = iphoneos;
				SWIFT_ACTIVE_COMPILATION_CONDITIONS = "DEBUG $(inherited)";
				SWIFT_OPTIMIZATION_LEVEL = "-Onone";
			};
			name = Debug;
		};
		67927AC42F9DCDEE0046FC0F /* Release */ = {
			isa = XCBuildConfiguration;
			buildSettings = {
				ALWAYS_SEARCH_USER_PATHS = NO;
				ASSETCATALOG_COMPILER_GENERATE_SWIFT_ASSET_SYMBOL_EXTENSIONS = YES;
				CLANG_ANALYZER_NONNULL = YES;
				CLANG_ANALYZER_NUMBER_OBJECT_CONVERSION = YES_AGGRESSIVE;
				CLANG_CXX_LANGUAGE_STANDARD = "gnu++20";
				CLANG_ENABLE_MODULES = YES;
				CLANG_ENABLE_OBJC_ARC = YES;
				CLANG_ENABLE_OBJC_WEAK = YES;
				CLANG_WARN_BLOCK_CAPTURE_AUTORELEASING = YES;
				CLANG_WARN_BOOL_CONVERSION = YES;
				CLANG_WARN_COMMA = YES;
				CLANG_WARN_CONSTANT_CONVERSION = YES;
				CLANG_WARN_DEPRECATED_OBJC_IMPLEMENTATIONS = YES;
				CLANG_WARN_DIRECT_OBJC_ISA_USAGE = YES_ERROR;
				CLANG_WARN_DOCUMENTATION_COMMENTS = YES;
				CLANG_WARN_EMPTY_BODY = YES;
				CLANG_WARN_ENUM_CONVERSION = YES;
				CLANG_WARN_INFINITE_RECURSION = YES;
				CLANG_WARN_INT_CONVERSION = YES;
				CLANG_WARN_NON_LITERAL_NULL_CONVERSION = YES;
				CLANG_WARN_OBJC_IMPLICIT_RETAIN_SELF = YES;
				CLANG_WARN_OBJC_LITERAL_CONVERSION = YES;
				CLANG_WARN_OBJC_ROOT_CLASS = YES_ERROR;
				CLANG_WARN_QUOTED_INCLUDE_IN_FRAMEWORK_HEADER = YES;
				CLANG_WARN_RANGE_LOOP_ANALYSIS = YES;
				CLANG_WARN_STRICT_PROTOTYPES = YES;
				CLANG_WARN_SUSPICIOUS_MOVE = YES;
				CLANG_WARN_UNGUARDED_AVAILABILITY = YES_AGGRESSIVE;
				CLANG_WARN_UNREACHABLE_CODE = YES;
				CLANG_WARN__DUPLICATE_METHOD_MATCH = YES;
				COPY_PHASE_STRIP = NO;
				DEBUG_INFORMATION_FORMAT = "dwarf-with-dsym";
				DEVELOPMENT_TEAM = K3BSAX58ZG;
				ENABLE_NS_ASSERTIONS = NO;
				ENABLE_STRICT_OBJC_MSGSEND = YES;
				ENABLE_USER_SCRIPT_SANDBOXING = YES;
				GCC_C_LANGUAGE_STANDARD = gnu17;
				GCC_NO_COMMON_BLOCKS = YES;
				GCC_WARN_64_TO_32_BIT_CONVERSION = YES;
				GCC_WARN_ABOUT_RETURN_TYPE = YES_ERROR;
				GCC_WARN_UNDECLARED_SELECTOR = YES;
				GCC_WARN_UNINITIALIZED_AUTOS = YES_AGGRESSIVE;
				GCC_WARN_UNUSED_FUNCTION = YES;
				GCC_WARN_UNUSED_VARIABLE = YES;
				IPHONEOS_DEPLOYMENT_TARGET = 18.0;
				LOCALIZATION_PREFERS_STRING_CATALOGS = YES;
				MTL_ENABLE_DEBUG_INFO = NO;
				MTL_FAST_MATH = YES;
				SDKROOT = iphoneos;
				SWIFT_COMPILATION_MODE = wholemodule;
				VALIDATE_PRODUCT = YES;
			};
			name = Release;
		};
		67927AC62F9DCDEE0046FC0F /* Debug */ = {
			isa = XCBuildConfiguration;
			buildSettings = {
				ASSETCATALOG_COMPILER_APPICON_NAME = AppIcon;
				ASSETCATALOG_COMPILER_GLOBAL_ACCENT_COLOR_NAME = AccentColor;
				CODE_SIGN_ENTITLEMENTS = beer_cheers/beer_cheers.entitlements;
				CODE_SIGN_IDENTITY = "Apple Development";
				CODE_SIGN_STYLE = Automatic;
				CURRENT_PROJECT_VERSION = 2;
				DEVELOPMENT_TEAM = K3BSAX58ZG;
				ENABLE_PREVIEWS = YES;
				GENERATE_INFOPLIST_FILE = YES;
				INFOPLIST_FILE = "beer-cheers-Info.plist";
				INFOPLIST_KEY_NSMotionUsageDescription = "左手のひらへの「乾杯」衝撃を検知するため、モーションデータを使用します。";
				INFOPLIST_KEY_NSPhotoLibraryUsageDescription = "プロフィール画像を設定するために写真ライブラリへのアクセスが必要です。";
				INFOPLIST_KEY_UIApplicationSceneManifest_Generation = YES;
				INFOPLIST_KEY_UIApplicationSupportsIndirectInputEvents = YES;
				INFOPLIST_KEY_UILaunchScreen_Generation = YES;
				INFOPLIST_KEY_UISupportedInterfaceOrientations_iPad = "UIInterfaceOrientationPortrait UIInterfaceOrientationPortraitUpsideDown UIInterfaceOrientationLandscapeLeft UIInterfaceOrientationLandscapeRight";
				INFOPLIST_KEY_UISupportedInterfaceOrientations_iPhone = UIInterfaceOrientationPortrait;
				LD_RUNPATH_SEARCH_PATHS = (
					"$(inherited)",
					"@executable_path/Frameworks",
				);
				MARKETING_VERSION = 1.0;
				PRODUCT_BUNDLE_IDENTIFIER = "com.minato.beer-cheers";
				PRODUCT_NAME = "$(TARGET_NAME)";
				PROVISIONING_PROFILE_SPECIFIER = "";
				STRING_CATALOG_GENERATE_SYMBOLS = YES;
				SWIFT_APPROACHABLE_CONCURRENCY = YES;
				SWIFT_DEFAULT_ACTOR_ISOLATION = MainActor;
				SWIFT_EMIT_LOC_STRINGS = YES;
				SWIFT_UPCOMING_FEATURE_MEMBER_IMPORT_VISIBILITY = YES;
				SWIFT_VERSION = 6.0;
				TARGETED_DEVICE_FAMILY = 1;
			};
			name = Debug;
		};
		67927AC72F9DCDEE0046FC0F /* Release */ = {
			isa = XCBuildConfiguration;
			buildSettings = {
				ASSETCATALOG_COMPILER_APPICON_NAME = AppIcon;
				ASSETCATALOG_COMPILER_GLOBAL_ACCENT_COLOR_NAME = AccentColor;
				CODE_SIGN_ENTITLEMENTS = beer_cheers/beer_cheers.entitlements;
				CODE_SIGN_IDENTITY = "Apple Development";
				CODE_SIGN_STYLE = Automatic;
				CURRENT_PROJECT_VERSION = 2;
				DEVELOPMENT_TEAM = K3BSAX58ZG;
				ENABLE_PREVIEWS = YES;
				GENERATE_INFOPLIST_FILE = YES;
				INFOPLIST_FILE = "beer-cheers-Info.plist";
				INFOPLIST_KEY_NSMotionUsageDescription = "左手のひらへの「乾杯」衝撃を検知するため、モーションデータを使用します。";
				INFOPLIST_KEY_NSPhotoLibraryUsageDescription = "プロフィール画像を設定するために写真ライブラリへのアクセスが必要です。";
				INFOPLIST_KEY_UIApplicationSceneManifest_Generation = YES;
				INFOPLIST_KEY_UIApplicationSupportsIndirectInputEvents = YES;
				INFOPLIST_KEY_UILaunchScreen_Generation = YES;
				INFOPLIST_KEY_UISupportedInterfaceOrientations_iPad = "UIInterfaceOrientationPortrait UIInterfaceOrientationPortraitUpsideDown UIInterfaceOrientationLandscapeLeft UIInterfaceOrientationLandscapeRight";
				INFOPLIST_KEY_UISupportedInterfaceOrientations_iPhone = UIInterfaceOrientationPortrait;
				LD_RUNPATH_SEARCH_PATHS = (
					"$(inherited)",
					"@executable_path/Frameworks",
				);
				MARKETING_VERSION = 1.0;
				PRODUCT_BUNDLE_IDENTIFIER = "com.minato.beer-cheers";
				PRODUCT_NAME = "$(TARGET_NAME)";
				PROVISIONING_PROFILE_SPECIFIER = "";
				STRING_CATALOG_GENERATE_SYMBOLS = YES;
				SWIFT_APPROACHABLE_CONCURRENCY = YES;
				SWIFT_DEFAULT_ACTOR_ISOLATION = MainActor;
				SWIFT_EMIT_LOC_STRINGS = YES;
				SWIFT_UPCOMING_FEATURE_MEMBER_IMPORT_VISIBILITY = YES;
				SWIFT_VERSION = 6.0;
				TARGETED_DEVICE_FAMILY = 1;
			};
			name = Release;
		};
		BC01A100000000000000000B /* Debug */ = {
			isa = XCBuildConfiguration;
			buildSettings = {
				ASSETCATALOG_COMPILER_APPICON_NAME = AppIcon;
				ASSETCATALOG_COMPILER_GLOBAL_ACCENT_COLOR_NAME = AccentColor;
				CODE_SIGN_IDENTITY = "Apple Development";
				CODE_SIGN_STYLE = Automatic;
				CURRENT_PROJECT_VERSION = 2;
				DEVELOPMENT_TEAM = K3BSAX58ZG;
				ENABLE_DEBUG_DYLIB = NO;
				ENABLE_PREVIEWS = NO;
				GENERATE_INFOPLIST_FILE = YES;
				INFOPLIST_FILE = "beer_cheers Watch App/Info.plist";
				INFOPLIST_KEY_CFBundleDisplayName = beer_cheers;
				INFOPLIST_KEY_NSMotionUsageDescription = "腕の「乾杯」動作を検知するため、モーションデータを使用します。";
				INFOPLIST_KEY_UISupportedInterfaceOrientations = "UIInterfaceOrientationPortrait UIInterfaceOrientationPortraitUpsideDown";
				INFOPLIST_KEY_WKCompanionAppBundleIdentifier = "com.minato.beer-cheers";
				INFOPLIST_KEY_WKRunsIndependentlyOfCompanionApp = YES;
				LD_RUNPATH_SEARCH_PATHS = (
					"$(inherited)",
					"@executable_path/Frameworks",
				);
				MARKETING_VERSION = 1.0;
				PRODUCT_BUNDLE_IDENTIFIER = "com.minato.beer-cheers.watchkitapp";
				PRODUCT_NAME = beer_cheersWatchApp;
				PROVISIONING_PROFILE_SPECIFIER = "";
				SDKROOT = watchos;
				SKIP_INSTALL = YES;
				STRING_CATALOG_GENERATE_SYMBOLS = YES;
				SUPPORTED_PLATFORMS = "watchos watchsimulator";
				SUPPORTS_MACCATALYST = NO;
				SWIFT_APPROACHABLE_CONCURRENCY = YES;
				SWIFT_DEFAULT_ACTOR_ISOLATION = MainActor;
				SWIFT_EMIT_LOC_STRINGS = YES;
				SWIFT_UPCOMING_FEATURE_MEMBER_IMPORT_VISIBILITY = YES;
				SWIFT_VERSION = 6.0;
				TARGETED_DEVICE_FAMILY = 4;
				WATCHOS_DEPLOYMENT_TARGET = 10.0;
			};
			name = Debug;
		};
		BC01A100000000000000000C /* Release */ = {
			isa = XCBuildConfiguration;
			buildSettings = {
				ASSETCATALOG_COMPILER_APPICON_NAME = AppIcon;
				ASSETCATALOG_COMPILER_GLOBAL_ACCENT_COLOR_NAME = AccentColor;
				CODE_SIGN_IDENTITY = "Apple Development";
				CODE_SIGN_STYLE = Automatic;
				CURRENT_PROJECT_VERSION = 2;
				DEVELOPMENT_TEAM = K3BSAX58ZG;
				ENABLE_DEBUG_DYLIB = NO;
				ENABLE_PREVIEWS = NO;
				GENERATE_INFOPLIST_FILE = YES;
				INFOPLIST_FILE = "beer_cheers Watch App/Info.plist";
				INFOPLIST_KEY_CFBundleDisplayName = beer_cheers;
				INFOPLIST_KEY_NSMotionUsageDescription = "腕の「乾杯」動作を検知するため、モーションデータを使用します。";
				INFOPLIST_KEY_UISupportedInterfaceOrientations = "UIInterfaceOrientationPortrait UIInterfaceOrientationPortraitUpsideDown";
				INFOPLIST_KEY_WKCompanionAppBundleIdentifier = "com.minato.beer-cheers";
				INFOPLIST_KEY_WKRunsIndependentlyOfCompanionApp = YES;
				LD_RUNPATH_SEARCH_PATHS = (
					"$(inherited)",
					"@executable_path/Frameworks",
				);
				MARKETING_VERSION = 1.0;
				PRODUCT_BUNDLE_IDENTIFIER = "com.minato.beer-cheers.watchkitapp";
				PRODUCT_NAME = beer_cheersWatchApp;
				PROVISIONING_PROFILE_SPECIFIER = "";
				SDKROOT = watchos;
				SKIP_INSTALL = YES;
				STRING_CATALOG_GENERATE_SYMBOLS = YES;
				SUPPORTED_PLATFORMS = "watchos watchsimulator";
				SUPPORTS_MACCATALYST = NO;
				SWIFT_APPROACHABLE_CONCURRENCY = YES;
				SWIFT_DEFAULT_ACTOR_ISOLATION = MainActor;
				SWIFT_EMIT_LOC_STRINGS = YES;
				SWIFT_UPCOMING_FEATURE_MEMBER_IMPORT_VISIBILITY = YES;
				SWIFT_VERSION = 6.0;
				TARGETED_DEVICE_FAMILY = 4;
				WATCHOS_DEPLOYMENT_TARGET = 10.0;
			};
			name = Release;
		};
/* End XCBuildConfiguration section */

/* Begin XCConfigurationList section */
		67927AB52F9DCDEC0046FC0F /* Build configuration list for PBXProject "beer_cheers" */ = {
			isa = XCConfigurationList;
			buildConfigurations = (
				67927AC32F9DCDEE0046FC0F /* Debug */,
				67927AC42F9DCDEE0046FC0F /* Release */,
			);
			defaultConfigurationIsVisible = 0;
			defaultConfigurationName = Release;
		};
		67927AC52F9DCDEE0046FC0F /* Build configuration list for PBXNativeTarget "beer_cheers" */ = {
			isa = XCConfigurationList;
			buildConfigurations = (
				67927AC62F9DCDEE0046FC0F /* Debug */,
				67927AC72F9DCDEE0046FC0F /* Release */,
			);
			defaultConfigurationIsVisible = 0;
			defaultConfigurationName = Release;
		};
		BC01A100000000000000000D /* Build configuration list for PBXNativeTarget "beer_cheers Watch App" */ = {
			isa = XCConfigurationList;
			buildConfigurations = (
				BC01A100000000000000000B /* Debug */,
				BC01A100000000000000000C /* Release */,
			);
			defaultConfigurationIsVisible = 0;
			defaultConfigurationName = Release;
		};
/* End XCConfigurationList section */

/* Begin XCRemoteSwiftPackageReference section */
		676E07C32FCFD47C0030FD16 /* XCRemoteSwiftPackageReference "GoogleSignIn-iOS" */ = {
			isa = XCRemoteSwiftPackageReference;
			repositoryURL = "https://github.com/google/GoogleSignIn-iOS.git";
			requirement = {
				kind = upToNextMajorVersion;
				minimumVersion = 9.1.0;
			};
		};
		67E4FA6B2F9DDBC300A7DF95 /* XCRemoteSwiftPackageReference "firebase-ios-sdk" */ = {
			isa = XCRemoteSwiftPackageReference;
			repositoryURL = "https://github.com/firebase/firebase-ios-sdk";
			requirement = {
				kind = upToNextMajorVersion;
				minimumVersion = 12.12.1;
			};
		};
/* End XCRemoteSwiftPackageReference section */

/* Begin XCSwiftPackageProductDependency section */
		676E07C42FCFD47C0030FD16 /* GoogleSignIn */ = {
			isa = XCSwiftPackageProductDependency;
			package = 676E07C32FCFD47C0030FD16 /* XCRemoteSwiftPackageReference "GoogleSignIn-iOS" */;
			productName = GoogleSignIn;
		};
		676E07C62FCFD47C0030FD16 /* GoogleSignInSwift */ = {
			isa = XCSwiftPackageProductDependency;
			package = 676E07C32FCFD47C0030FD16 /* XCRemoteSwiftPackageReference "GoogleSignIn-iOS" */;
			productName = GoogleSignInSwift;
		};
		67E4FA6C2F9DDBC300A7DF95 /* FirebaseAnalytics */ = {
			isa = XCSwiftPackageProductDependency;
			package = 67E4FA6B2F9DDBC300A7DF95 /* XCRemoteSwiftPackageReference "firebase-ios-sdk" */;
			productName = FirebaseAnalytics;
		};
		67E4FA6E2F9DDBC300A7DF95 /* FirebaseDatabase */ = {
			isa = XCSwiftPackageProductDependency;
			package = 67E4FA6B2F9DDBC300A7DF95 /* XCRemoteSwiftPackageReference "firebase-ios-sdk" */;
			productName = FirebaseDatabase;
		};
		67E4FA702F9DDBC300A7DF95 /* FirebaseAuth */ = {
			isa = XCSwiftPackageProductDependency;
			package = 67E4FA6B2F9DDBC300A7DF95 /* XCRemoteSwiftPackageReference "firebase-ios-sdk" */;
			productName = FirebaseAuth;
		};
		67E4FA732F9DDBC300A7DF95 /* FirebaseCore */ = {
			isa = XCSwiftPackageProductDependency;
			package = 67E4FA6B2F9DDBC300A7DF95 /* XCRemoteSwiftPackageReference "firebase-ios-sdk" */;
			productName = FirebaseCore;
		};
		67E4FA742FCFD9000030FD16 /* FirebaseStorage */ = {
			isa = XCSwiftPackageProductDependency;
			package = 67E4FA6B2F9DDBC300A7DF95 /* XCRemoteSwiftPackageReference "firebase-ios-sdk" */;
			productName = FirebaseStorage;
		};
/* End XCSwiftPackageProductDependency section */
	};
	rootObject = 67927AB22F9DCDEC0046FC0F /* Project object */;
}
